
Microsoft Visual Studio Solution File, Format Version 12.00
# Visual Studio Version 17
VisualStudioVersion = 17.4.33213.308
MinimumVisualStudioVersion = 10.0.40219.1
Project("{FAE04EC0-301F-11D3-BF4B-00C04F79EFBC}") = "ClassLibrary1", "ClassLibrary1\ClassLibrary1.csproj", "{2CB711E3-E4DC-49BC-984B-8E9C9F07FE51}"
EndProject
Project("{FAE04EC0-301F-11D3-BF4B-00C04F79EFBC}") = "ClassLibrary1Tests6", "ClassLibrary1Tests6\ClassLibrary1Tests6.csproj", "{710EDD59-B5FE-48D9-9DF9-67ACEC7E4558}"
EndProject
Global
	GlobalSection(SolutionConfigurationPlatforms) = preSolution
		Debug|Any CPU = Debug|Any CPU
		Release|Any CPU = Release|Any CPU
	EndGlobalSection
	GlobalSection(ProjectConfigurationPlatforms) = postSolution
		{2CB711E3-E4DC-49BC-984B-8E9C9F07FE51}.Debug|Any CPU.ActiveCfg = Debug|Any CPU
		{2CB711E3-E4DC-49BC-984B-8E9C9F07FE51}.Debug|Any CPU.Build.0 = Debug|Any CPU
		{2CB711E3-E4DC-49BC-984B-8E9C9F07FE51}.Release|Any CPU.ActiveCfg = Release|Any CPU
		{2CB711E3-E4DC-49BC-984B-8E9C9F07FE51}.Release|Any CPU.Build.0 = Release|Any CPU
		{710EDD59-B5FE-48D9-9DF9-67ACEC7E4558}.Debug|Any CPU.ActiveCfg = Debug|Any CPU
		{710EDD59-B5FE-48D9-9DF9-67ACEC7E4558}.Debug|Any CPU.Build.0 = Debug|Any CPU
		{710EDD59-B5FE-48D9-9DF9-67ACEC7E4558}.Release|Any CPU.ActiveCfg = Release|Any CPU
		{710EDD59-B5FE-48D9-9DF9-67ACEC7E4558}.Release|Any CPU.Build.0 = Release|Any CPU
	EndGlobalSection
	GlobalSection(SolutionProperties) = preSolution
		HideSolutionNode = FALSE
	EndGlobalSection
	GlobalSection(ExtensibilityGlobals) = postSolution
		SolutionGuid = {FC0738F9-B4FD-463C-817B-959203098E7B}
	EndGlobalSection
EndGlobal
